Microsoft Visual Studio Solution File, Format Version 12.00
# Visual Studio Version 17
VisualStudioVersion = 17.13.35919.96
MinimumVisualStudioVersion = 10.0.40219.1
Project("{FAE04EC0-301F-11D3-BF4B-00C04F79EFBC}") = "TailwindBlazor", "TailwindBlazor.csproj", "{3688084E-A32F-420D-A667-890300DB635E}"
EndProject
Global
	GlobalSection(SolutionConfigurationPlatforms) = preSolution
		Debug|Any CPU = Debug|Any CPU
		Release|Any CPU = Release|Any CPU
	EndGlobalSection
	GlobalSection(ProjectConfigurationPlatforms) = postSolution
		{3688084E-A32F-420D-A667-890300DB635E}.Debug|Any CPU.ActiveCfg = Debug|Any CPU
		{3688084E-A32F-420D-A667-890300DB635E}.Debug|Any CPU.Build.0 = Debug|Any CPU
		{3688084E-A32F-420D-A667-890300DB635E}.Release|Any CPU.ActiveCfg = Release|Any CPU
		{3688084E-A32F-420D-A667-890300DB635E}.Release|Any CPU.Build.0 = Release|Any CPU
	EndGlobalSection
	GlobalSection(SolutionProperties) = preSolution
		HideSolutionNode = FALSE
	EndGlobalSection
	GlobalSection(ExtensibilityGlobals) = postSolution
		SolutionGuid = {F70D7429-98C8-4B46-8F97-D7B5FB714A8A}
	EndGlobalSection
EndGlobal
